
Microsoft Visual Studio Solution File, Format Version 11.00
# Visual Studio 2010
Project("{FAE04EC0-301F-11D3-BF4B-00C04F79EFBC}") = "GraphicsImporters.WINDOWS.XNA", "Content.Pipeline\GraphicsImporters\GraphicsImporters.WINDOWS.XNA.csproj", "{565ACF47-7E36-435E-8727-2AFB39E61134}"
EndProject
Project("{FAE04EC0-301F-11D3-BF4B-00C04F79EFBC}") = "Aether.Graphics.WINDOWS.XNA", "Graphics\Aether.Graphics.WINDOWS.XNA.csproj", "{838D803F-F140-4763-A378-56DC27EDD5F3}"
EndProject
Project("{2150E333-8FDC-42A3-9474-1A3956D46DE8}") = "Aether.Content.Pipeline", "Aether.Content.Pipeline", "{F6B6E505-6037-49E4-9060-8B29A7B99BC1}"
EndProject
Project("{FAE04EC0-301F-11D3-BF4B-00C04F79EFBC}") = "AnimationImporters.WINDOWS.XNA", "Content.Pipeline\AnimationImporters\AnimationImporters.WINDOWS.XNA.csproj", "{E22F02E7-6799-4C14-B9B3-B461D6E9AB6E}"
EndProject
Project("{FAE04EC0-301F-11D3-BF4B-00C04F79EFBC}") = "Aether.Animation.WINDOWS.XNA", "Animation\Aether.Animation.WINDOWS.XNA.csproj", "{1BD2DBC0-D366-42F7-9369-F566CCD01C03}"
EndProject
Project("{2150E333-8FDC-42A3-9474-1A3956D46DE8}") = "Aether.Shaders", "Aether.Shaders", "{EFC7A27C-C20B-4BE7-8B3A-2B109991D704}"
EndProject
Project("{FAE04EC0-301F-11D3-BF4B-00C04F79EFBC}") = "Aether.Shaders.FXAA.WINDOWS.XNA", "Shaders\FXAA\Aether.Shaders.FXAA.WINDOWS.XNA.csproj", "{89E0198E-7298-411A-B5C1-61F2754A3F80}"
EndProject
Project("{FAE04EC0-301F-11D3-BF4B-00C04F79EFBC}") = "Aether.Shaders.Deferred.WINDOWS.XNA", "Shaders\Deferred\Aether.Shaders.Deferred.WINDOWS.XNA.csproj", "{B82B862D-C728-4A10-8A56-65D688E022C8}"
EndProject
Project("{FAE04EC0-301F-11D3-BF4B-00C04F79EFBC}") = "AtlasImporter.WINDOWS.XNA", "Content.Pipeline\AtlasImporter\AtlasImporter.WINDOWS.XNA.csproj", "{90E6017D-198B-4470-BF9B-8B8791C295CC}"
EndProject
Project("{FAE04EC0-301F-11D3-BF4B-00C04F79EFBC}") = "Aether.Atlas.WINDOWS.XNA", "Atlas\Aether.Atlas.WINDOWS.XNA.csproj", "{644629BB-1A4E-4932-8E50-4F93BC938794}"
EndProject
Global
	GlobalSection(SolutionConfigurationPlatforms) = preSolution
		Debug|x86 = Debug|x86
		Release|x86 = Release|x86
	EndGlobalSection
	GlobalSection(ProjectConfigurationPlatforms) = postSolution
		{565ACF47-7E36-435E-8727-2AFB39E61134}.Debug|x86.ActiveCfg = Debug|x86
		{565ACF47-7E36-435E-8727-2AFB39E61134}.Debug|x86.Build.0 = Debug|x86
		{565ACF47-7E36-435E-8727-2AFB39E61134}.Release|x86.ActiveCfg = Release|x86
		{565ACF47-7E36-435E-8727-2AFB39E61134}.Release|x86.Build.0 = Release|x86
		{838D803F-F140-4763-A378-56DC27EDD5F3}.Debug|x86.ActiveCfg = Debug|x86
		{838D803F-F140-4763-A378-56DC27EDD5F3}.Debug|x86.Build.0 = Debug|x86
		{838D803F-F140-4763-A378-56DC27EDD5F3}.Release|x86.ActiveCfg = Release|x86
		{838D803F-F140-4763-A378-56DC27EDD5F3}.Release|x86.Build.0 = Release|x86
		{E22F02E7-6799-4C14-B9B3-B461D6E9AB6E}.Debug|x86.ActiveCfg = Debug|x86
		{E22F02E7-6799-4C14-B9B3-B461D6E9AB6E}.Debug|x86.Build.0 = Debug|x86
		{E22F02E7-6799-4C14-B9B3-B461D6E9AB6E}.Release|x86.ActiveCfg = Release|x86
		{E22F02E7-6799-4C14-B9B3-B461D6E9AB6E}.Release|x86.Build.0 = Release|x86
		{1BD2DBC0-D366-42F7-9369-F566CCD01C03}.Debug|x86.ActiveCfg = Debug|x86
		{1BD2DBC0-D366-42F7-9369-F566CCD01C03}.Debug|x86.Build.0 = Debug|x86
		{1BD2DBC0-D366-42F7-9369-F566CCD01C03}.Release|x86.ActiveCfg = Release|x86
		{1BD2DBC0-D366-42F7-9369-F566CCD01C03}.Release|x86.Build.0 = Release|x86
		{89E0198E-7298-411A-B5C1-61F2754A3F80}.Debug|x86.ActiveCfg = Debug|x86
		{89E0198E-7298-411A-B5C1-61F2754A3F80}.Debug|x86.Build.0 = Debug|x86
		{89E0198E-7298-411A-B5C1-61F2754A3F80}.Release|x86.ActiveCfg = Release|x86
		{89E0198E-7298-411A-B5C1-61F2754A3F80}.Release|x86.Build.0 = Release|x86
		{B82B862D-C728-4A10-8A56-65D688E022C8}.Debug|x86.ActiveCfg = Debug|x86
		{B82B862D-C728-4A10-8A56-65D688E022C8}.Debug|x86.Build.0 = Debug|x86
		{B82B862D-C728-4A10-8A56-65D688E022C8}.Release|x86.ActiveCfg = Release|x86
		{B82B862D-C728-4A10-8A56-65D688E022C8}.Release|x86.Build.0 = Release|x86
		{90E6017D-198B-4470-BF9B-8B8791C295CC}.Debug|x86.ActiveCfg = Debug|x86
		{90E6017D-198B-4470-BF9B-8B8791C295CC}.Debug|x86.Build.0 = Debug|x86
		{90E6017D-198B-4470-BF9B-8B8791C295CC}.Release|x86.ActiveCfg = Release|x86
		{90E6017D-198B-4470-BF9B-8B8791C295CC}.Release|x86.Build.0 = Release|x86
		{644629BB-1A4E-4932-8E50-4F93BC938794}.Debug|x86.ActiveCfg = Debug|x86
		{644629BB-1A4E-4932-8E50-4F93BC938794}.Debug|x86.Build.0 = Debug|x86
		{644629BB-1A4E-4932-8E50-4F93BC938794}.Release|x86.ActiveCfg = Release|x86
		{644629BB-1A4E-4932-8E50-4F93BC938794}.Release|x86.Build.0 = Release|x86
	EndGlobalSection
	GlobalSection(SolutionProperties) = preSolution
		HideSolutionNode = FALSE
	EndGlobalSection
	GlobalSection(NestedProjects) = preSolution
		{565ACF47-7E36-435E-8727-2AFB39E61134} = {F6B6E505-6037-49E4-9060-8B29A7B99BC1}
		{E22F02E7-6799-4C14-B9B3-B461D6E9AB6E} = {F6B6E505-6037-49E4-9060-8B29A7B99BC1}
		{90E6017D-198B-4470-BF9B-8B8791C295CC} = {F6B6E505-6037-49E4-9060-8B29A7B99BC1}
		{89E0198E-7298-411A-B5C1-61F2754A3F80} = {EFC7A27C-C20B-4BE7-8B3A-2B109991D704}
		{B82B862D-C728-4A10-8A56-65D688E022C8} = {EFC7A27C-C20B-4BE7-8B3A-2B109991D704}
	EndGlobalSection
EndGlobal
