
Microsoft Visual Studio Solution File, Format Version 12.00
# Visual Studio 2013
VisualStudioVersion = 12.0.40629.0
MinimumVisualStudioVersion = 10.0.40219.1
Project("{2150E333-8FDC-42A3-9474-1A3956D46DE8}") = "Aether.Content.Pipeline", "Aether.Content.Pipeline", "{A921886B-C6F7-4FF8-8668-EC20004C464A}"
EndProject
Project("{FAE04EC0-301F-11D3-BF4B-00C04F79EFBC}") = "DDSImporter.WINDOWS.MG", "Content.Pipeline\DDSImporter\DDSImporter.WINDOWS.MG.csproj", "{26C387C6-7313-47D4-A05F-14639AB02D70}"
EndProject
Project("{FAE04EC0-301F-11D3-BF4B-00C04F79EFBC}") = "RawModelProcessor.WINDOWS.MG", "Content.Pipeline\RawModelProcessor\RawModelProcessor.WINDOWS.MG.csproj", "{48E4029A-115C-4DC2-AF3A-0AB94F36BFC0}"
EndProject
Global
	GlobalSection(SolutionConfigurationPlatforms) = preSolution
		Debug|Any CPU = Debug|Any CPU
		Release|Any CPU = Release|Any CPU
	EndGlobalSection
	GlobalSection(ProjectConfigurationPlatforms) = postSolution
		{26C387C6-7313-47D4-A05F-14639AB02D70}.Debug|Any CPU.ActiveCfg = Debug|Any CPU
		{26C387C6-7313-47D4-A05F-14639AB02D70}.Debug|Any CPU.Build.0 = Debug|Any CPU
		{26C387C6-7313-47D4-A05F-14639AB02D70}.Release|Any CPU.ActiveCfg = Release|Any CPU
		{26C387C6-7313-47D4-A05F-14639AB02D70}.Release|Any CPU.Build.0 = Release|Any CPU
		{48E4029A-115C-4DC2-AF3A-0AB94F36BFC0}.Debug|Any CPU.ActiveCfg = Debug|Any CPU
		{48E4029A-115C-4DC2-AF3A-0AB94F36BFC0}.Debug|Any CPU.Build.0 = Debug|Any CPU
		{48E4029A-115C-4DC2-AF3A-0AB94F36BFC0}.Release|Any CPU.ActiveCfg = Release|Any CPU
		{48E4029A-115C-4DC2-AF3A-0AB94F36BFC0}.Release|Any CPU.Build.0 = Release|Any CPU
	EndGlobalSection
	GlobalSection(SolutionProperties) = preSolution
		HideSolutionNode = FALSE
	EndGlobalSection
	GlobalSection(NestedProjects) = preSolution
		{26C387C6-7313-47D4-A05F-14639AB02D70} = {A921886B-C6F7-4FF8-8668-EC20004C464A}
		{48E4029A-115C-4DC2-AF3A-0AB94F36BFC0} = {A921886B-C6F7-4FF8-8668-EC20004C464A}
	EndGlobalSection
EndGlobal
