
Microsoft Visual Studio Solution File, Format Version 11.00
# Visual Studio 2010
Project("{FAE04EC0-301F-11D3-BF4B-00C04F79EFBC}") = "GraphicsImporters.WINDOWS.XNA", "Content.Pipeline\GraphicsImporters\GraphicsImporters.WINDOWS.XNA.csproj", "{565ACF47-7E36-435E-8727-2AFB39E61134}"
EndProject
Project("{FAE04EC0-301F-11D3-BF4B-00C04F79EFBC}") = "Aether.Graphics.WINDOWS.XNA", "Graphics\Aether.Graphics.WINDOWS.XNA.csproj", "{838D803F-F140-4763-A378-56DC27EDD5F3}"
EndProject
Project("{2150E333-8FDC-42A3-9474-1A3956D46DE8}") = "Aether.Content.Pipeline", "Aether.Content.Pipeline", "{F6B6E505-6037-49E4-9060-8B29A7B99BC1}"
EndProject
Project("{FAE04EC0-301F-11D3-BF4B-00C04F79EFBC}") = "AnimationImporters.WINDOWS.XNA", "Content.Pipeline\AnimationImporters\AnimationImporters.WINDOWS.XNA.csproj", "{E22F02E7-6799-4C14-B9B3-B461D6E9AB6E}"
EndProject
Project("{FAE04EC0-301F-11D3-BF4B-00C04F79EFBC}") = "TilemapImporter.WINDOWS.XNA", "Content.Pipeline\TilemapImporters\TilemapImporter.WINDOWS.XNA.csproj", "{B5FAF2D1-7164-4956-9474-0F4B19706DE8}"
EndProject
Project("{FAE04EC0-301F-11D3-BF4B-00C04F79EFBC}") = "Aether.Animation.WINDOWS.XNA", "Animation\Aether.Animation.WINDOWS.XNA.csproj", "{1BD2DBC0-D366-42F7-9369-F566CCD01C03}"
EndProject
Project("{2150E333-8FDC-42A3-9474-1A3956D46DE8}") = "Aether.Shaders", "Aether.Shaders", "{EFC7A27C-C20B-4BE7-8B3A-2B109991D704}"
EndProject
Project("{FAE04EC0-301F-11D3-BF4B-00C04F79EFBC}") = "Aether.Shaders.FXAA.WINDOWS.XNA", "Shaders\FXAA\Aether.Shaders.FXAA.WINDOWS.XNA.csproj", "{89E0198E-7298-411A-B5C1-61F2754A3F80}"
EndProject
Project("{FAE04EC0-301F-11D3-BF4B-00C04F79EFBC}") = "Aether.Shaders.Deferred.WINDOWS.XNA", "Shaders\Deferred\Aether.Shaders.Deferred.WINDOWS.XNA.csproj", "{B82B862D-C728-4A10-8A56-65D688E022C8}"
EndProject
Project("{FAE04EC0-301F-11D3-BF4B-00C04F79EFBC}") = "AtlasImporter.WINDOWS.XNA", "Content.Pipeline\AtlasImporter\AtlasImporter.WINDOWS.XNA.csproj", "{90E6017D-198B-4470-BF9B-8B8791C295CC}"
EndProject
Project("{FAE04EC0-301F-11D3-BF4B-00C04F79EFBC}") = "Aether.Atlas.WINDOWS.XNA", "Atlas\Aether.Atlas.WINDOWS.XNA.csproj", "{644629BB-1A4E-4932-8E50-4F93BC938794}"
EndProject
Project("{FAE04EC0-301F-11D3-BF4B-00C04F79EFBC}") = "Aether.Shaders.InfiniteGrid.WINDOWS.XNA", "Shaders\InfiniteGrid\Aether.Shaders.InfiniteGrid.WINDOWS.XNA.csproj", "{908EC8FF-B0ED-478A-B486-702E578AF64A}"
EndProject
Project("{FAE04EC0-301F-11D3-BF4B-00C04F79EFBC}") = "Aether.Shaders.Tilemap.WINDOWS.XNA", "Shaders\Tilemap\Aether.Shaders.Tilemap.WINDOWS.XNA.csproj", "{AB2B4C7E-0FCA-4CFE-8837-E3E3374249F6}"
EndProject
Project("{FAE04EC0-301F-11D3-BF4B-00C04F79EFBC}") = "SLMCImporter.WINDOWS.XNA", "Content.Pipeline\SLMCImporter\SLMCImporter.WINDOWS.XNA.csproj", "{497B1130-EB63-4057-BC40-F60D6FFA50CA}"
EndProject
Project("{FAE04EC0-301F-11D3-BF4B-00C04F79EFBC}") = "VoxelImporters.WINDOWS.XNA", "Content.Pipeline\VoxelImporters\VoxelImporters.WINDOWS.XNA.csproj", "{0690782F-0000-0000-0000-000000000000}"
EndProject
Project("{FAE04EC0-301F-11D3-BF4B-00C04F79EFBC}") = "Aether.Tilemap.WINDOWS.XNA", "Tilemap\Aether.Tilemap.WINDOWS.XNA.csproj", "{746551BA-FB64-43B0-8479-0506B930D3E5}"
EndProject
Global
	GlobalSection(SolutionConfigurationPlatforms) = preSolution
		Debug|x86 = Debug|x86
		Release|x86 = Release|x86
	EndGlobalSection
	GlobalSection(ProjectConfigurationPlatforms) = postSolution
		{565ACF47-7E36-435E-8727-2AFB39E61134}.Debug|x86.ActiveCfg = Debug|x86
		{565ACF47-7E36-435E-8727-2AFB39E61134}.Debug|x86.Build.0 = Debug|x86
		{565ACF47-7E36-435E-8727-2AFB39E61134}.Release|x86.ActiveCfg = Release|x86
		{565ACF47-7E36-435E-8727-2AFB39E61134}.Release|x86.Build.0 = Release|x86
		{838D803F-F140-4763-A378-56DC27EDD5F3}.Debug|x86.ActiveCfg = Debug|x86
		{838D803F-F140-4763-A378-56DC27EDD5F3}.Debug|x86.Build.0 = Debug|x86
		{838D803F-F140-4763-A378-56DC27EDD5F3}.Release|x86.ActiveCfg = Release|x86
		{838D803F-F140-4763-A378-56DC27EDD5F3}.Release|x86.Build.0 = Release|x86
		{E22F02E7-6799-4C14-B9B3-B461D6E9AB6E}.Debug|x86.ActiveCfg = Debug|x86
		{E22F02E7-6799-4C14-B9B3-B461D6E9AB6E}.Debug|x86.Build.0 = Debug|x86
		{E22F02E7-6799-4C14-B9B3-B461D6E9AB6E}.Release|x86.ActiveCfg = Release|x86
		{E22F02E7-6799-4C14-B9B3-B461D6E9AB6E}.Release|x86.Build.0 = Release|x86
		{1BD2DBC0-D366-42F7-9369-F566CCD01C03}.Debug|x86.ActiveCfg = Debug|x86
		{1BD2DBC0-D366-42F7-9369-F566CCD01C03}.Debug|x86.Build.0 = Debug|x86
		{1BD2DBC0-D366-42F7-9369-F566CCD01C03}.Release|x86.ActiveCfg = Release|x86
		{1BD2DBC0-D366-42F7-9369-F566CCD01C03}.Release|x86.Build.0 = Release|x86
		{89E0198E-7298-411A-B5C1-61F2754A3F80}.Debug|x86.ActiveCfg = Debug|x86
		{89E0198E-7298-411A-B5C1-61F2754A3F80}.Debug|x86.Build.0 = Debug|x86
		{89E0198E-7298-411A-B5C1-61F2754A3F80}.Release|x86.ActiveCfg = Release|x86
		{89E0198E-7298-411A-B5C1-61F2754A3F80}.Release|x86.Build.0 = Release|x86
		{B82B862D-C728-4A10-8A56-65D688E022C8}.Debug|x86.ActiveCfg = Debug|x86
		{B82B862D-C728-4A10-8A56-65D688E022C8}.Debug|x86.Build.0 = Debug|x86
		{B82B862D-C728-4A10-8A56-65D688E022C8}.Release|x86.ActiveCfg = Release|x86
		{B82B862D-C728-4A10-8A56-65D688E022C8}.Release|x86.Build.0 = Release|x86
		{90E6017D-198B-4470-BF9B-8B8791C295CC}.Debug|x86.ActiveCfg = Debug|x86
		{90E6017D-198B-4470-BF9B-8B8791C295CC}.Debug|x86.Build.0 = Debug|x86
		{90E6017D-198B-4470-BF9B-8B8791C295CC}.Release|x86.ActiveCfg = Release|x86
		{90E6017D-198B-4470-BF9B-8B8791C295CC}.Release|x86.Build.0 = Release|x86
		{644629BB-1A4E-4932-8E50-4F93BC938794}.Debug|x86.ActiveCfg = Debug|x86
		{644629BB-1A4E-4932-8E50-4F93BC938794}.Debug|x86.Build.0 = Debug|x86
		{644629BB-1A4E-4932-8E50-4F93BC938794}.Release|x86.ActiveCfg = Release|x86
		{644629BB-1A4E-4932-8E50-4F93BC938794}.Release|x86.Build.0 = Release|x86
		{908EC8FF-B0ED-478A-B486-702E578AF64A}.Debug|x86.ActiveCfg = Debug|x86
		{908EC8FF-B0ED-478A-B486-702E578AF64A}.Debug|x86.Build.0 = Debug|x86
		{908EC8FF-B0ED-478A-B486-702E578AF64A}.Release|x86.ActiveCfg = Release|x86
		{908EC8FF-B0ED-478A-B486-702E578AF64A}.Release|x86.Build.0 = Release|x86
		{AB2B4C7E-0FCA-4CFE-8837-E3E3374249F6}.Debug|x86.ActiveCfg = Debug|x86
		{AB2B4C7E-0FCA-4CFE-8837-E3E3374249F6}.Debug|x86.Build.0 = Debug|x86
		{AB2B4C7E-0FCA-4CFE-8837-E3E3374249F6}.Release|x86.ActiveCfg = Release|x86
		{AB2B4C7E-0FCA-4CFE-8837-E3E3374249F6}.Release|x86.Build.0 = Release|x86
		{497B1130-EB63-4057-BC40-F60D6FFA50CA}.Debug|x86.ActiveCfg = Debug|x86
		{497B1130-EB63-4057-BC40-F60D6FFA50CA}.Debug|x86.Build.0 = Debug|x86
		{497B1130-EB63-4057-BC40-F60D6FFA50CA}.Release|x86.ActiveCfg = Release|x86
		{497B1130-EB63-4057-BC40-F60D6FFA50CA}.Release|x86.Build.0 = Release|x86
		{B5FAF2D1-7164-4956-9474-0F4B19706DE8}.Debug|x86.ActiveCfg = Debug|x86
		{B5FAF2D1-7164-4956-9474-0F4B19706DE8}.Debug|x86.Build.0 = Debug|x86
		{B5FAF2D1-7164-4956-9474-0F4B19706DE8}.Release|x86.ActiveCfg = Release|x86
		{B5FAF2D1-7164-4956-9474-0F4B19706DE8}.Release|x86.Build.0 = Release|x86
		{0690782F-0000-0000-0000-000000000000}.Debug|x86.ActiveCfg = Debug|x86
		{0690782F-0000-0000-0000-000000000000}.Debug|x86.Build.0 = Debug|x86
		{0690782F-0000-0000-0000-000000000000}.Release|x86.ActiveCfg = Release|x86
		{0690782F-0000-0000-0000-000000000000}.Release|x86.Build.0 = Release|x86
		{746551BA-FB64-43B0-8479-0506B930D3E5}.Debug|x86.ActiveCfg = Debug|x86
		{746551BA-FB64-43B0-8479-0506B930D3E5}.Debug|x86.Build.0 = Debug|x86
		{746551BA-FB64-43B0-8479-0506B930D3E5}.Release|x86.ActiveCfg = Release|x86
		{746551BA-FB64-43B0-8479-0506B930D3E5}.Release|x86.Build.0 = Release|x86
		
		
	EndGlobalSection
	GlobalSection(SolutionProperties) = preSolution
		HideSolutionNode = FALSE
	EndGlobalSection
	GlobalSection(NestedProjects) = preSolution
		{565ACF47-7E36-435E-8727-2AFB39E61134} = {F6B6E505-6037-49E4-9060-8B29A7B99BC1}
		{E22F02E7-6799-4C14-B9B3-B461D6E9AB6E} = {F6B6E505-6037-49E4-9060-8B29A7B99BC1}
		{90E6017D-198B-4470-BF9B-8B8791C295CC} = {F6B6E505-6037-49E4-9060-8B29A7B99BC1}
		{497B1130-EB63-4057-BC40-F60D6FFA50CA} = {F6B6E505-6037-49E4-9060-8B29A7B99BC1}
		{B5FAF2D1-7164-4956-9474-0F4B19706DE8} = {F6B6E505-6037-49E4-9060-8B29A7B99BC1}
		{0690782F-0000-0000-0000-000000000000} = {F6B6E505-6037-49E4-9060-8B29A7B99BC1}
		{89E0198E-7298-411A-B5C1-61F2754A3F80} = {EFC7A27C-C20B-4BE7-8B3A-2B109991D704}
		{B82B862D-C728-4A10-8A56-65D688E022C8} = {EFC7A27C-C20B-4BE7-8B3A-2B109991D704}
		{908EC8FF-B0ED-478A-B486-702E578AF64A} = {EFC7A27C-C20B-4BE7-8B3A-2B109991D704}
		{AB2B4C7E-0FCA-4CFE-8837-E3E3374249F6} = {EFC7A27C-C20B-4BE7-8B3A-2B109991D704}
	EndGlobalSection
EndGlobal
