
Microsoft Visual Studio Solution File, Format Version 12.00
# Visual Studio 2013
VisualStudioVersion = 12.0.40629.0
MinimumVisualStudioVersion = 10.0.40219.1
Project("{2150E333-8FDC-42A3-9474-1A3956D46DE8}") = "Aether.Content.Pipeline", "Aether.Content.Pipeline", "{A921886B-C6F7-4FF8-8668-EC20004C464A}"
EndProject
Project("{FAE04EC0-301F-11D3-BF4B-00C04F79EFBC}") = "DDSImporter.WINDOWS.MG", "Content.Pipeline\DDSImporter\DDSImporter.WINDOWS.MG.csproj", "{26C387C6-7313-47D4-A05F-14639AB02D70}"
EndProject
Project("{FAE04EC0-301F-11D3-BF4B-00C04F79EFBC}") = "RawModelProcessor.WINDOWS.MG", "Content.Pipeline\RawModelProcessor\RawModelProcessor.WINDOWS.MG.csproj", "{48E4029A-115C-4DC2-AF3A-0AB94F36BFC0}"
EndProject
Project("{FAE04EC0-301F-11D3-BF4B-00C04F79EFBC}") = "GraphicsImporters.WINDOWS.MG", "Content.Pipeline\GraphicsImporters\GraphicsImporters.WINDOWS.MG.csproj", "{400DC7B2-739D-4156-916D-2F2E1920310D}"
EndProject
Project("{FAE04EC0-301F-11D3-BF4B-00C04F79EFBC}") = "Aether.Graphics.WINDOWS.MG", "Graphics\Aether.Graphics.WINDOWS.MG.csproj", "{0A4ED2DF-9CDD-4C98-83AA-1898A394AC27}"
EndProject
Project("{FAE04EC0-301F-11D3-BF4B-00C04F79EFBC}") = "AnimationImporters.WINDOWS.MG", "Content.Pipeline\AnimationImporters\AnimationImporters.WINDOWS.MG.csproj", "{D9A47306-DEE0-4410-BC2C-BA8FFCE682A3}"
EndProject
Project("{FAE04EC0-301F-11D3-BF4B-00C04F79EFBC}") = "Aether.Animation.WINDOWS.MG", "Animation\Aether.Animation.WINDOWS.MG.csproj", "{F08D6D4C-60FB-4543-8D81-594080EB8051}"
EndProject
Project("{2150E333-8FDC-42A3-9474-1A3956D46DE8}") = "Aether.Shaders", "Aether.Shaders", "{13D47E11-4A7C-49C8-942E-2543E9C0098A}"
EndProject
Project("{FAE04EC0-301F-11D3-BF4B-00C04F79EFBC}") = "Aether.Shaders.FXAA.WINDOWS.MG", "Shaders\FXAA\Aether.Shaders.FXAA.WINDOWS.MG.csproj", "{FBBDE2BA-F9F3-4041-8584-2C912C235E26}"
EndProject
Project("{FAE04EC0-301F-11D3-BF4B-00C04F79EFBC}") = "Aether.Shaders.Deferred.WINDOWS.MG", "Shaders\Deferred\Aether.Shaders.Deferred.WINDOWS.MG.csproj", "{96105100-20DB-4187-9BCA-0A20AC9F1298}"
EndProject
Project("{FAE04EC0-301F-11D3-BF4B-00C04F79EFBC}") = "AtlasImporter.WINDOWS.MG", "Content.Pipeline\AtlasImporter\AtlasImporter.WINDOWS.MG.csproj", "{E710FBEA-8C75-405D-B6B4-CFC82CB48FB5}"
EndProject
Project("{FAE04EC0-301F-11D3-BF4B-00C04F79EFBC}") = "Aether.Atlas.WINDOWS.MG", "Atlas\Aether.Atlas.WINDOWS.MG.csproj", "{C7522B5E-B255-4FB6-A17A-9E6D217AEBD2}"
EndProject
Global
	GlobalSection(SolutionConfigurationPlatforms) = preSolution
		Debug|Any CPU = Debug|Any CPU
		Release|Any CPU = Release|Any CPU
	EndGlobalSection
	GlobalSection(ProjectConfigurationPlatforms) = postSolution
		{26C387C6-7313-47D4-A05F-14639AB02D70}.Debug|Any CPU.ActiveCfg = Debug|Any CPU
		{26C387C6-7313-47D4-A05F-14639AB02D70}.Debug|Any CPU.Build.0 = Debug|Any CPU
		{26C387C6-7313-47D4-A05F-14639AB02D70}.Release|Any CPU.ActiveCfg = Release|Any CPU
		{26C387C6-7313-47D4-A05F-14639AB02D70}.Release|Any CPU.Build.0 = Release|Any CPU
		{48E4029A-115C-4DC2-AF3A-0AB94F36BFC0}.Debug|Any CPU.ActiveCfg = Debug|Any CPU
		{48E4029A-115C-4DC2-AF3A-0AB94F36BFC0}.Debug|Any CPU.Build.0 = Debug|Any CPU
		{48E4029A-115C-4DC2-AF3A-0AB94F36BFC0}.Release|Any CPU.ActiveCfg = Release|Any CPU
		{48E4029A-115C-4DC2-AF3A-0AB94F36BFC0}.Release|Any CPU.Build.0 = Release|Any CPU
		{400DC7B2-739D-4156-916D-2F2E1920310D}.Debug|Any CPU.ActiveCfg = Debug|Any CPU
		{400DC7B2-739D-4156-916D-2F2E1920310D}.Debug|Any CPU.Build.0 = Debug|Any CPU
		{400DC7B2-739D-4156-916D-2F2E1920310D}.Release|Any CPU.ActiveCfg = Release|Any CPU
		{400DC7B2-739D-4156-916D-2F2E1920310D}.Release|Any CPU.Build.0 = Release|Any CPU
		{0A4ED2DF-9CDD-4C98-83AA-1898A394AC27}.Debug|Any CPU.ActiveCfg = Debug|Any CPU
		{0A4ED2DF-9CDD-4C98-83AA-1898A394AC27}.Debug|Any CPU.Build.0 = Debug|Any CPU
		{0A4ED2DF-9CDD-4C98-83AA-1898A394AC27}.Release|Any CPU.ActiveCfg = Release|Any CPU
		{0A4ED2DF-9CDD-4C98-83AA-1898A394AC27}.Release|Any CPU.Build.0 = Release|Any CPU
		{D9A47306-DEE0-4410-BC2C-BA8FFCE682A3}.Debug|Any CPU.ActiveCfg = Debug|Any CPU
		{D9A47306-DEE0-4410-BC2C-BA8FFCE682A3}.Debug|Any CPU.Build.0 = Debug|Any CPU
		{D9A47306-DEE0-4410-BC2C-BA8FFCE682A3}.Release|Any CPU.ActiveCfg = Release|Any CPU
		{D9A47306-DEE0-4410-BC2C-BA8FFCE682A3}.Release|Any CPU.Build.0 = Release|Any CPU
		{F08D6D4C-60FB-4543-8D81-594080EB8051}.Debug|Any CPU.ActiveCfg = Debug|Any CPU
		{F08D6D4C-60FB-4543-8D81-594080EB8051}.Debug|Any CPU.Build.0 = Debug|Any CPU
		{F08D6D4C-60FB-4543-8D81-594080EB8051}.Release|Any CPU.ActiveCfg = Release|Any CPU
		{F08D6D4C-60FB-4543-8D81-594080EB8051}.Release|Any CPU.Build.0 = Release|Any CPU
		{FBBDE2BA-F9F3-4041-8584-2C912C235E26}.Debug|Any CPU.ActiveCfg = Debug|Any CPU
		{FBBDE2BA-F9F3-4041-8584-2C912C235E26}.Debug|Any CPU.Build.0 = Debug|Any CPU
		{FBBDE2BA-F9F3-4041-8584-2C912C235E26}.Release|Any CPU.ActiveCfg = Release|Any CPU
		{FBBDE2BA-F9F3-4041-8584-2C912C235E26}.Release|Any CPU.Build.0 = Release|Any CPU
		{96105100-20DB-4187-9BCA-0A20AC9F1298}.Debug|Any CPU.ActiveCfg = Debug|Any CPU
		{96105100-20DB-4187-9BCA-0A20AC9F1298}.Debug|Any CPU.Build.0 = Debug|Any CPU
		{96105100-20DB-4187-9BCA-0A20AC9F1298}.Release|Any CPU.ActiveCfg = Release|Any CPU
		{96105100-20DB-4187-9BCA-0A20AC9F1298}.Release|Any CPU.Build.0 = Release|Any CPU
		{E710FBEA-8C75-405D-B6B4-CFC82CB48FB5}.Debug|Any CPU.ActiveCfg = Debug|Any CPU
		{E710FBEA-8C75-405D-B6B4-CFC82CB48FB5}.Debug|Any CPU.Build.0 = Debug|Any CPU
		{E710FBEA-8C75-405D-B6B4-CFC82CB48FB5}.Release|Any CPU.ActiveCfg = Release|Any CPU
		{E710FBEA-8C75-405D-B6B4-CFC82CB48FB5}.Release|Any CPU.Build.0 = Release|Any CPU
		{C7522B5E-B255-4FB6-A17A-9E6D217AEBD2}.Debug|Any CPU.ActiveCfg = Debug|Any CPU
		{C7522B5E-B255-4FB6-A17A-9E6D217AEBD2}.Debug|Any CPU.Build.0 = Debug|Any CPU
		{C7522B5E-B255-4FB6-A17A-9E6D217AEBD2}.Release|Any CPU.ActiveCfg = Release|Any CPU
		{C7522B5E-B255-4FB6-A17A-9E6D217AEBD2}.Release|Any CPU.Build.0 = Release|Any CPU
	EndGlobalSection
	GlobalSection(SolutionProperties) = preSolution
		HideSolutionNode = FALSE
	EndGlobalSection
	GlobalSection(NestedProjects) = preSolution
		{26C387C6-7313-47D4-A05F-14639AB02D70} = {A921886B-C6F7-4FF8-8668-EC20004C464A}
		{48E4029A-115C-4DC2-AF3A-0AB94F36BFC0} = {A921886B-C6F7-4FF8-8668-EC20004C464A}
		{400DC7B2-739D-4156-916D-2F2E1920310D} = {A921886B-C6F7-4FF8-8668-EC20004C464A}
		{D9A47306-DEE0-4410-BC2C-BA8FFCE682A3} = {A921886B-C6F7-4FF8-8668-EC20004C464A}
		{FBBDE2BA-F9F3-4041-8584-2C912C235E26} = {13D47E11-4A7C-49C8-942E-2543E9C0098A}
		{96105100-20DB-4187-9BCA-0A20AC9F1298} = {13D47E11-4A7C-49C8-942E-2543E9C0098A}
		{E710FBEA-8C75-405D-B6B4-CFC82CB48FB5} = {A921886B-C6F7-4FF8-8668-EC20004C464A}
	EndGlobalSection
EndGlobal
