
Microsoft Visual Studio Solution File, Format Version 11.00
# Visual Studio 2010
Project("{FAE04EC0-301F-11D3-BF4B-00C04F79EFBC}") = "GraphicsImporters.WINDOWS.XNA", "Content.Pipeline\GraphicsImporters\GraphicsImporters.WINDOWS.XNA.csproj", "{565ACF47-7E36-435E-8727-2AFB39E61134}"
EndProject
Project("{FAE04EC0-301F-11D3-BF4B-00C04F79EFBC}") = "Aether.Graphics.WINDOWS.XNA", "Graphics\Aether.Graphics.WINDOWS.XNA.csproj", "{838D803F-F140-4763-A378-56DC27EDD5F3}"
EndProject
Project("{2150E333-8FDC-42A3-9474-1A3956D46DE8}") = "Aether.Content.Pipeline", "Aether.Content.Pipeline", "{F6B6E505-6037-49E4-9060-8B29A7B99BC1}"
EndProject
Project("{FAE04EC0-301F-11D3-BF4B-00C04F79EFBC}") = "AnimationImporters.WINDOWS.XNA", "Content.Pipeline\AnimationImporters\AnimationImporters.WINDOWS.XNA.csproj", "{E22F02E7-6799-4C14-B9B3-B461D6E9AB6E}"
EndProject
Project("{FAE04EC0-301F-11D3-BF4B-00C04F79EFBC}") = "Aether.Animation.WINDOWS.XNA", "Animation\Aether.Animation.WINDOWS.XNA.csproj", "{1BD2DBC0-D366-42F7-9369-F566CCD01C03}"
EndProject
Project("{2150E333-8FDC-42A3-9474-1A3956D46DE8}") = "Aether.Shaders", "Aether.Shaders", "{EFC7A27C-C20B-4BE7-8B3A-2B109991D704}"
EndProject
Project("{FAE04EC0-301F-11D3-BF4B-00C04F79EFBC}") = "Aether.Shaders.FXAA.WINDOWS.XNA", "Shaders\FXAA\Aether.Shaders.FXAA.WINDOWS.XNA.csproj", "{89E0198E-7298-411A-B5C1-61F2754A3F80}"
EndProject
Project("{FAE04EC0-301F-11D3-BF4B-00C04F79EFBC}") = "Aether.Shaders.Deferred.WINDOWS.XNA", "Shaders\Deferred\Aether.Shaders.Deferred.WINDOWS.XNA.csproj", "{B82B862D-C728-4A10-8A56-65D688E022C8}"
EndProject
Project("{FAE04EC0-301F-11D3-BF4B-00C04F79EFBC}") = "AtlasImporter.WINDOWS.XNA", "Content.Pipeline\AtlasImporter\AtlasImporter.WINDOWS.XNA.csproj", "{90E6017D-198B-4470-BF9B-8B8791C295CC}"
EndProject
Project("{FAE04EC0-301F-11D3-BF4B-00C04F79EFBC}") = "Aether.Atlas.WINDOWS.XNA", "Atlas\Aether.Atlas.WINDOWS.XNA.csproj", "{644629BB-1A4E-4932-8E50-4F93BC938794}"
EndProject
Project("{2150E333-8FDC-42A3-9474-1A3956D46DE8}") = "Samples", "Samples", "{45FFB286-52CE-4EB7-8ACE-8B6FBD18D616}"
EndProject
Project("{FAE04EC0-301F-11D3-BF4B-00C04F79EFBC}") = "Samples.Animation.WINDOWS.XNA", "Samples\Animation\Samples.Animation.WINDOWS.XNA.csproj", "{8C971E86-ACD6-45E6-A4C2-7E0C556152FE}"
EndProject
Project("{FAE04EC0-301F-11D3-BF4B-00C04F79EFBC}") = "Samples.AnimationContent", "Samples\AnimationContent\Samples.AnimationContent.contentproj", "{B02966BF-88BC-41B2-80EF-8F8C5F98FA98}"
EndProject
Project("{FAE04EC0-301F-11D3-BF4B-00C04F79EFBC}") = "Samples.FXAA.WINDOWS.XNA", "Samples\FXAA\Samples.FXAA.WINDOWS.XNA.csproj", "{E48F0BAF-BA9B-418B-9B35-8EF212E56C62}"
EndProject
Project("{FAE04EC0-301F-11D3-BF4B-00C04F79EFBC}") = "Samples.FXAAContent", "Samples\FXAAContent\Samples.FXAAContent.contentproj", "{578BBDBD-874B-4738-B956-93AAADD67D60}"
EndProject
Project("{FAE04EC0-301F-11D3-BF4B-00C04F79EFBC}") = "Samples.Deferred.WINDOWS.XNA", "Samples\Deferred\Samples.Deferred.WINDOWS.XNA.csproj", "{6AD3101D-258F-4B90-ADEF-BCA6E89D8128}"
EndProject
Project("{FAE04EC0-301F-11D3-BF4B-00C04F79EFBC}") = "Samples.DeferredContent", "Samples\DeferredContent\Samples.DeferredContent.contentproj", "{FEFA33C9-E197-458C-845E-5FA513C38DF4}"
EndProject
Project("{FAE04EC0-301F-11D3-BF4B-00C04F79EFBC}") = "Samples.Atlas.WINDOWS.XNA", "Samples\Atlas\Samples.Atlas.WINDOWS.XNA.csproj", "{0499C7DC-EBF2-4F77-871B-1EC613B379D9}"
EndProject
Project("{FAE04EC0-301F-11D3-BF4B-00C04F79EFBC}") = "Samples.AtlasContent", "Samples\AtlasContent\Samples.AtlasContent.contentproj", "{4CA82D0E-2414-460C-9A70-2DA3C3AF96B6}"
EndProject
Global
	GlobalSection(SolutionConfigurationPlatforms) = preSolution
		Debug|x86 = Debug|x86
		Release|x86 = Release|x86
	EndGlobalSection
	GlobalSection(ProjectConfigurationPlatforms) = postSolution
		{565ACF47-7E36-435E-8727-2AFB39E61134}.Debug|x86.ActiveCfg = Debug|x86
		{565ACF47-7E36-435E-8727-2AFB39E61134}.Debug|x86.Build.0 = Debug|x86
		{565ACF47-7E36-435E-8727-2AFB39E61134}.Release|x86.ActiveCfg = Release|x86
		{565ACF47-7E36-435E-8727-2AFB39E61134}.Release|x86.Build.0 = Release|x86
		{838D803F-F140-4763-A378-56DC27EDD5F3}.Debug|x86.ActiveCfg = Debug|x86
		{838D803F-F140-4763-A378-56DC27EDD5F3}.Debug|x86.Build.0 = Debug|x86
		{838D803F-F140-4763-A378-56DC27EDD5F3}.Release|x86.ActiveCfg = Release|x86
		{838D803F-F140-4763-A378-56DC27EDD5F3}.Release|x86.Build.0 = Release|x86
		{E22F02E7-6799-4C14-B9B3-B461D6E9AB6E}.Debug|x86.ActiveCfg = Debug|x86
		{E22F02E7-6799-4C14-B9B3-B461D6E9AB6E}.Debug|x86.Build.0 = Debug|x86
		{E22F02E7-6799-4C14-B9B3-B461D6E9AB6E}.Release|x86.ActiveCfg = Release|x86
		{E22F02E7-6799-4C14-B9B3-B461D6E9AB6E}.Release|x86.Build.0 = Release|x86
		{1BD2DBC0-D366-42F7-9369-F566CCD01C03}.Debug|x86.ActiveCfg = Debug|x86
		{1BD2DBC0-D366-42F7-9369-F566CCD01C03}.Debug|x86.Build.0 = Debug|x86
		{1BD2DBC0-D366-42F7-9369-F566CCD01C03}.Release|x86.ActiveCfg = Release|x86
		{1BD2DBC0-D366-42F7-9369-F566CCD01C03}.Release|x86.Build.0 = Release|x86
		{89E0198E-7298-411A-B5C1-61F2754A3F80}.Debug|x86.ActiveCfg = Debug|x86
		{89E0198E-7298-411A-B5C1-61F2754A3F80}.Debug|x86.Build.0 = Debug|x86
		{89E0198E-7298-411A-B5C1-61F2754A3F80}.Release|x86.ActiveCfg = Release|x86
		{89E0198E-7298-411A-B5C1-61F2754A3F80}.Release|x86.Build.0 = Release|x86
		{B82B862D-C728-4A10-8A56-65D688E022C8}.Debug|x86.ActiveCfg = Debug|x86
		{B82B862D-C728-4A10-8A56-65D688E022C8}.Debug|x86.Build.0 = Debug|x86
		{B82B862D-C728-4A10-8A56-65D688E022C8}.Release|x86.ActiveCfg = Release|x86
		{B82B862D-C728-4A10-8A56-65D688E022C8}.Release|x86.Build.0 = Release|x86
		{90E6017D-198B-4470-BF9B-8B8791C295CC}.Debug|x86.ActiveCfg = Debug|x86
		{90E6017D-198B-4470-BF9B-8B8791C295CC}.Debug|x86.Build.0 = Debug|x86
		{90E6017D-198B-4470-BF9B-8B8791C295CC}.Release|x86.ActiveCfg = Release|x86
		{90E6017D-198B-4470-BF9B-8B8791C295CC}.Release|x86.Build.0 = Release|x86
		{644629BB-1A4E-4932-8E50-4F93BC938794}.Debug|x86.ActiveCfg = Debug|x86
		{644629BB-1A4E-4932-8E50-4F93BC938794}.Debug|x86.Build.0 = Debug|x86
		{644629BB-1A4E-4932-8E50-4F93BC938794}.Release|x86.ActiveCfg = Release|x86
		{644629BB-1A4E-4932-8E50-4F93BC938794}.Release|x86.Build.0 = Release|x86
		{8C971E86-ACD6-45E6-A4C2-7E0C556152FE}.Debug|x86.ActiveCfg = Debug|x86
		{8C971E86-ACD6-45E6-A4C2-7E0C556152FE}.Debug|x86.Build.0 = Debug|x86
		{8C971E86-ACD6-45E6-A4C2-7E0C556152FE}.Release|x86.ActiveCfg = Release|x86
		{8C971E86-ACD6-45E6-A4C2-7E0C556152FE}.Release|x86.Build.0 = Release|x86
		{B02966BF-88BC-41B2-80EF-8F8C5F98FA98}.Debug|x86.ActiveCfg = Debug|x86
		{B02966BF-88BC-41B2-80EF-8F8C5F98FA98}.Release|x86.ActiveCfg = Release|x86
		{E48F0BAF-BA9B-418B-9B35-8EF212E56C62}.Debug|x86.ActiveCfg = Debug|x86
		{E48F0BAF-BA9B-418B-9B35-8EF212E56C62}.Debug|x86.Build.0 = Debug|x86
		{E48F0BAF-BA9B-418B-9B35-8EF212E56C62}.Release|x86.ActiveCfg = Release|x86
		{E48F0BAF-BA9B-418B-9B35-8EF212E56C62}.Release|x86.Build.0 = Release|x86
		{578BBDBD-874B-4738-B956-93AAADD67D60}.Debug|x86.ActiveCfg = Debug|x86
		{578BBDBD-874B-4738-B956-93AAADD67D60}.Release|x86.ActiveCfg = Release|x86
		{6AD3101D-258F-4B90-ADEF-BCA6E89D8128}.Debug|x86.ActiveCfg = Debug|x86
		{6AD3101D-258F-4B90-ADEF-BCA6E89D8128}.Debug|x86.Build.0 = Debug|x86
		{6AD3101D-258F-4B90-ADEF-BCA6E89D8128}.Release|x86.ActiveCfg = Release|x86
		{6AD3101D-258F-4B90-ADEF-BCA6E89D8128}.Release|x86.Build.0 = Release|x86
		{FEFA33C9-E197-458C-845E-5FA513C38DF4}.Debug|x86.ActiveCfg = Debug|x86
		{FEFA33C9-E197-458C-845E-5FA513C38DF4}.Release|x86.ActiveCfg = Release|x86
		{0499C7DC-EBF2-4F77-871B-1EC613B379D9}.Debug|x86.ActiveCfg = Debug|x86
		{0499C7DC-EBF2-4F77-871B-1EC613B379D9}.Debug|x86.Build.0 = Debug|x86
		{0499C7DC-EBF2-4F77-871B-1EC613B379D9}.Release|x86.ActiveCfg = Release|x86
		{0499C7DC-EBF2-4F77-871B-1EC613B379D9}.Release|x86.Build.0 = Release|x86
		{4CA82D0E-2414-460C-9A70-2DA3C3AF96B6}.Debug|x86.ActiveCfg = Debug|x86
		{4CA82D0E-2414-460C-9A70-2DA3C3AF96B6}.Release|x86.ActiveCfg = Release|x86
	EndGlobalSection
	GlobalSection(SolutionProperties) = preSolution
		HideSolutionNode = FALSE
	EndGlobalSection
	GlobalSection(NestedProjects) = preSolution
		{565ACF47-7E36-435E-8727-2AFB39E61134} = {F6B6E505-6037-49E4-9060-8B29A7B99BC1}
		{E22F02E7-6799-4C14-B9B3-B461D6E9AB6E} = {F6B6E505-6037-49E4-9060-8B29A7B99BC1}
		{90E6017D-198B-4470-BF9B-8B8791C295CC} = {F6B6E505-6037-49E4-9060-8B29A7B99BC1}
		{89E0198E-7298-411A-B5C1-61F2754A3F80} = {EFC7A27C-C20B-4BE7-8B3A-2B109991D704}
		{B82B862D-C728-4A10-8A56-65D688E022C8} = {EFC7A27C-C20B-4BE7-8B3A-2B109991D704}
		{8C971E86-ACD6-45E6-A4C2-7E0C556152FE} = {45FFB286-52CE-4EB7-8ACE-8B6FBD18D616}
		{B02966BF-88BC-41B2-80EF-8F8C5F98FA98} = {45FFB286-52CE-4EB7-8ACE-8B6FBD18D616}
		{E48F0BAF-BA9B-418B-9B35-8EF212E56C62} = {45FFB286-52CE-4EB7-8ACE-8B6FBD18D616}
		{578BBDBD-874B-4738-B956-93AAADD67D60} = {45FFB286-52CE-4EB7-8ACE-8B6FBD18D616}
		{6AD3101D-258F-4B90-ADEF-BCA6E89D8128} = {45FFB286-52CE-4EB7-8ACE-8B6FBD18D616}
		{FEFA33C9-E197-458C-845E-5FA513C38DF4} = {45FFB286-52CE-4EB7-8ACE-8B6FBD18D616}
		{0499C7DC-EBF2-4F77-871B-1EC613B379D9} = {45FFB286-52CE-4EB7-8ACE-8B6FBD18D616}
		{4CA82D0E-2414-460C-9A70-2DA3C3AF96B6} = {45FFB286-52CE-4EB7-8ACE-8B6FBD18D616}
	EndGlobalSection
EndGlobal
